// !$*UTF8*$!
{
	archiveVersion = 1;
	classes = {
	};
	objectVersion = 46;
	objects = {

/* Begin PBXBuildFile section */
		3F32FA4B1EBBB78700D47718 /* AppDelegate.swift in Sources */ = {isa = PBXBuildFile; fileRef = 3F32FA4A1EBBB78700D47718 /* AppDelegate.swift */; };
		3F32FA4D1EBBB78700D47718 /* ViewController.swift in Sources */ = {isa = PBXBuildFile; fileRef = 3F32FA4C1EBBB78700D47718 /* ViewController.swift */; };
		3F32FA501EBBB78700D47718 /* Main.storyboard in Resources */ = {isa = PBXBuildFile; fileRef = 3F32FA4E1EBBB78700D47718 /* Main.storyboard */; };
		3F32FA521EBBB78700D47718 /* Assets.xcassets in Resources */ = {isa = PBXBuildFile; fileRef = 3F32FA511EBBB78700D47718 /* Assets.xcassets */; };
		3F32FA551EBBB78700D47718 /* LaunchScreen.storyboard in Resources */ = {isa = PBXBuildFile; fileRef = 3F32FA531EBBB78700D47718 /* LaunchScreen.storyboard */; };
		3F50A81A1EC39E30005EAAB7 /* apple.png in Resources */ = {isa = PBXBuildFile; fileRef = 3F50A8191EC39E30005EAAB7 /* apple.png */; };
		3F50A81C1EC39E37005EAAB7 /* steak.jpeg in Resources */ = {isa = PBXBuildFile; fileRef = 3F50A81B1EC39E37005EAAB7 /* steak.jpeg */; };
		3F50A81E1EC39E43005EAAB7 /* banana.jpeg in Resources */ = {isa = PBXBuildFile; fileRef = 3F50A81D1EC39E43005EAAB7 /* banana.jpeg */; };
		3F50A8201EC39E4D005EAAB7 /* chicken.jpeg in Resources */ = {isa = PBXBuildFile; fileRef = 3F50A81F1EC39E4D005EAAB7 /* chicken.jpeg */; };
		3F50A8221EC39E56005EAAB7 /* braed.jpeg in Resources */ = {isa = PBXBuildFile; fileRef = 3F50A8211EC39E56005EAAB7 /* braed.jpeg */; };
		3F50A8241EC39E5B005EAAB7 /* ice cream.png in Resources */ = {isa = PBXBuildFile; fileRef = 3F50A8231EC39E5B005EAAB7 /* ice cream.png */; };
		3F50A8261EC39E5F005EAAB7 /* yogurt.png in Resources */ = {isa = PBXBuildFile; fileRef = 3F50A8251EC39E5F005EAAB7 /* yogurt.png */; };
/* End PBXBuildFile section */

/* Begin PBXFileReference section */
		3F32FA471EBBB78700D47718 /* HW2.app */ = {isa = PBXFileReference; explicitFileType = wrapper.application; includeInIndex = 0; path = HW2.app; sourceTree = BUILT_PRODUCTS_DIR; };
		3F32FA4A1EBBB78700D47718 /* AppDelegate.swift */ = {isa = PBXFileReference; lastKnownFileType = sourcecode.swift; path = AppDelegate.swift; sourceTree = "<group>"; };
		3F32FA4C1EBBB78700D47718 /* ViewController.swift */ = {isa = PBXFileReference; lastKnownFileType = sourcecode.swift; path = ViewController.swift; sourceTree = "<group>"; };
		3F32FA4F1EBBB78700D47718 /* Base */ = {isa = PBXFileReference; lastKnownFileType = file.storyboard; name = Base; path = Base.lproj/Main.storyboard; sourceTree = "<group>"; };
		3F32FA511EBBB78700D47718 /* Assets.xcassets */ = {isa = PBXFileReference; lastKnownFileType = folder.assetcatalog; path = Assets.xcassets; sourceTree = "<group>"; };
		3F32FA541EBBB78700D47718 /* Base */ = {isa = PBXFileReference; lastKnownFileType = file.storyboard; name = Base; path = Base.lproj/LaunchScreen.storyboard; sourceTree = "<group>"; };
		3F32FA561EBBB78700D47718 /* Info.plist */ = {isa = PBXFileReference; lastKnownFileType = text.plist.xml; path = Info.plist; sourceTree = "<group>"; };
		3F50A8191EC39E30005EAAB7 /* apple.png */ = {isa = PBXFileReference; lastKnownFileType = image.png; name = apple.png; path = ../../../../Desktop/apple.png; sourceTree = "<group>"; };
		3F50A81B1EC39E37005EAAB7 /* steak.jpeg */ = {isa = PBXFileReference; lastKnownFileType = image.jpeg; name = steak.jpeg; path = ../../../../Desktop/steak.jpeg; sourceTree = "<group>"; };
		3F50A81D1EC39E43005EAAB7 /* banana.jpeg */ = {isa = PBXFileReference; lastKnownFileType = image.jpeg; name = banana.jpeg; path = ../../../../Desktop/banana.jpeg; sourceTree = "<group>"; };
		3F50A81F1EC39E4D005EAAB7 /* chicken.jpeg */ = {isa = PBXFileReference; lastKnownFileType = image.jpeg; name = chicken.jpeg; path = ../../../../Desktop/chicken.jpeg; sourceTree = "<group>"; };
		3F50A8211EC39E56005EAAB7 /* braed.jpeg */ = {isa = PBXFileReference; lastKnownFileType = image.jpeg; name = braed.jpeg; path = ../../../../Desktop/braed.jpeg; sourceTree = "<group>"; };
		3F50A8231EC39E5B005EAAB7 /* ice cream.png */ = {isa = PBXFileReference; lastKnownFileType = image.png; name = "ice cream.png"; path = "../../../../Desktop/ice cream.png"; sourceTree = "<group>"; };
		3F50A8251EC39E5F005EAAB7 /* yogurt.png */ = {isa = PBXFileReference; lastKnownFileType = image.png; name = yogurt.png; path = ../../../../Desktop/yogurt.png; sourceTree = "<group>"; };
/* End PBXFileReference section */

/* Begin PBXFrameworksBuildPhase section */
		3F32FA441EBBB78700D47718 /* Frameworks */ = {
			isa = PBXFrameworksBuildPhase;
			buildActionMask = 2147483647;
			files = (
			);
			runOnlyForDeploymentPostprocessing = 0;
		};
/* End PBXFrameworksBuildPhase section */

/* Begin PBXGroup section */
		3F32FA3E1EBBB78600D47718 = {
			isa = PBXGroup;
			children = (
				3F32FA491EBBB78700D47718 /* HW2 */,
				3F32FA481EBBB78700D47718 /* Products */,
			);
			sourceTree = "<group>";
		};
		3F32FA481EBBB78700D47718 /* Products */ = {
			isa = PBXGroup;
			children = (
				3F32FA471EBBB78700D47718 /* HW2.app */,
			);
			name = Products;
			sourceTree = "<group>";
		};
		3F32FA491EBBB78700D47718 /* HW2 */ = {
			isa = PBXGroup;
			children = (
				3F32FA4A1EBBB78700D47718 /* AppDelegate.swift */,
				3F32FA4C1EBBB78700D47718 /* ViewController.swift */,
				3F32FA4E1EBBB78700D47718 /* Main.storyboard */,
				3F50A8251EC39E5F005EAAB7 /* yogurt.png */,
				3F50A8231EC39E5B005EAAB7 /* ice cream.png */,
				3F50A8211EC39E56005EAAB7 /* braed.jpeg */,
				3F50A81D1EC39E43005EAAB7 /* banana.jpeg */,
				3F50A81F1EC39E4D005EAAB7 /* chicken.jpeg */,
				3F50A81B1EC39E37005EAAB7 /* steak.jpeg */,
				3F50A8191EC39E30005EAAB7 /* apple.png */,
				3F32FA511EBBB78700D47718 /* Assets.xcassets */,
				3F32FA531EBBB78700D47718 /* LaunchScreen.storyboard */,
				3F32FA561EBBB78700D47718 /* Info.plist */,
			);
			path = HW2;
			sourceTree = "<group>";
		};
/* End PBXGroup section */

/* Begin PBXNativeTarget section */
		3F32FA461EBBB78700D47718 /* HW2 */ = {
			isa = PBXNativeTarget;
			buildConfigurationList = 3F32FA591EBBB78700D47718 /* Build configuration list for PBXNativeTarget "HW2" */;
			buildPhases = (
				3F32FA431EBBB78700D47718 /* Sources */,
				3F32FA441EBBB78700D47718 /* Frameworks */,
				3F32FA451EBBB78700D47718 /* Resources */,
			);
			buildRules = (
			);
			dependencies = (
			);
			name = HW2;
			productName = HW2;
			productReference = 3F32FA471EBBB78700D47718 /* HW2.app */;
			productType = "com.apple.product-type.application";
		};
/* End PBXNativeTarget section */

/* Begin PBXProject section */
		3F32FA3F1EBBB78600D47718 /* Project object */ = {
			isa = PBXProject;
			attributes = {
				LastSwiftUpdateCheck = 0830;
				LastUpgradeCheck = 0830;
				ORGANIZATIONNAME = Student;
				TargetAttributes = {
					3F32FA461EBBB78700D47718 = {
						CreatedOnToolsVersion = 8.3.2;
						ProvisioningStyle = Automatic;
					};
				};
			};
			buildConfigurationList = 3F32FA421EBBB78600D47718 /* Build configuration list for PBXProject "HW2" */;
			compatibilityVersion = "Xcode 3.2";
			developmentRegion = English;
			hasScannedForEncodings = 0;
			knownRegions = (
				en,
				Base,
			);
			mainGroup = 3F32FA3E1EBBB78600D47718;
			productRefGroup = 3F32FA481EBBB78700D47718 /* Products */;
			projectDirPath = "";
			projectRoot = "";
			targets = (
				3F32FA461EBBB78700D47718 /* HW2 */,
			);
		};
/* End PBXProject section */

/* Begin PBXResourcesBuildPhase section */
		3F32FA451EBBB78700D47718 /* Resources */ = {
			isa = PBXResourcesBuildPhase;
			buildActionMask = 2147483647;
			files = (
				3F32FA551EBBB78700D47718 /* LaunchScreen.storyboard in Resources */,
				3F32FA521EBBB78700D47718 /* Assets.xcassets in Resources */,
				3F50A8241EC39E5B005EAAB7 /* ice cream.png in Resources */,
				3F50A81E1EC39E43005EAAB7 /* banana.jpeg in Resources */,
				3F50A81A1EC39E30005EAAB7 /* apple.png in Resources */,
				3F50A8221EC39E56005EAAB7 /* braed.jpeg in Resources */,
				3F32FA501EBBB78700D47718 /* Main.storyboard in Resources */,
				3F50A81C1EC39E37005EAAB7 /* steak.jpeg in Resources */,
				3F50A8201EC39E4D005EAAB7 /* chicken.jpeg in Resources */,
				3F50A8261EC39E5F005EAAB7 /* yogurt.png in Resources */,
			);
			runOnlyForDeploymentPostprocessing = 0;
		};
/* End PBXResourcesBuildPhase section */

/* Begin PBXSourcesBuildPhase section */
		3F32FA431EBBB78700D47718 /* Sources */ = {
			isa = PBXSourcesBuildPhase;
			buildActionMask = 2147483647;
			files = (
				3F32FA4D1EBBB78700D47718 /* ViewController.swift in Sources */,
				3F32FA4B1EBBB78700D47718 /* AppDelegate.swift in Sources */,
			);
			runOnlyForDeploymentPostprocessing = 0;
		};
/* End PBXSourcesBuildPhase section */

/* Begin PBXVariantGroup section */
		3F32FA4E1EBBB78700D47718 /* Main.storyboard */ = {
			isa = PBXVariantGroup;
			children = (
				3F32FA4F1EBBB78700D47718 /* Base */,
			);
			name = Main.storyboard;
			sourceTree = "<group>";
		};
		3F32FA531EBBB78700D47718 /* LaunchScreen.storyboard */ = {
			isa = PBXVariantGroup;
			children = (
				3F32FA541EBBB78700D47718 /* Base */,
			);
			name = LaunchScreen.storyboard;
			sourceTree = "<group>";
		};
/* End PBXVariantGroup section */

/* Begin XCBuildConfiguration section */
		3F32FA571EBBB78700D47718 /* Debug */ = {
			isa = XCBuildConfiguration;
			buildSettings = {
				ALWAYS_SEARCH_USER_PATHS = NO;
				CLANG_ANALYZER_NONNULL = YES;
				CLANG_ANALYZER_NUMBER_OBJECT_CONVERSION = YES_AGGRESSIVE;
				CLANG_CXX_LANGUAGE_STANDARD = "gnu++0x";
				CLANG_CXX_LIBRARY = "libc++";
				CLANG_ENABLE_MODULES = YES;
				CLANG_ENABLE_OBJC_ARC = YES;
				CLANG_WARN_BOOL_CONVERSION = YES;
				CLANG_WARN_CONSTANT_CONVERSION = YES;
				CLANG_WARN_DIRECT_OBJC_ISA_USAGE = YES_ERROR;
				CLANG_WARN_DOCUMENTATION_COMMENTS = YES;
				CLANG_WARN_EMPTY_BODY = YES;
				CLANG_WARN_ENUM_CONVERSION = YES;
				CLANG_WARN_INFINITE_RECURSION = YES;
				CLANG_WARN_INT_CONVERSION = YES;
				CLANG_WARN_OBJC_ROOT_CLASS = YES_ERROR;
				CLANG_WARN_SUSPICIOUS_MOVE = YES;
				CLANG_WARN_UNREACHABLE_CODE = YES;
				CLANG_WARN__DUPLICATE_METHOD_MATCH = YES;
				"CODE_SIGN_IDENTITY[sdk=iphoneos*]" = "iPhone Developer";
				COPY_PHASE_STRIP = NO;
				DEBUG_INFORMATION_FORMAT = dwarf;
				ENABLE_STRICT_OBJC_MSGSEND = YES;
				ENABLE_TESTABILITY = YES;
				GCC_C_LANGUAGE_STANDARD = gnu99;
				GCC_DYNAMIC_NO_PIC = NO;
				GCC_NO_COMMON_BLOCKS = YES;
				GCC_OPTIMIZATION_LEVEL = 0;
				GCC_PREPROCESSOR_DEFINITIONS = (
					"DEBUG=1",
					"$(inherited)",
				);
				GCC_WARN_64_TO_32_BIT_CONVERSION = YES;
				GCC_WARN_ABOUT_RETURN_TYPE = YES_ERROR;
				GCC_WARN_UNDECLARED_SELECTOR = YES;
				GCC_WARN_UNINITIALIZED_AUTOS = YES_AGGRESSIVE;
				GCC_WARN_UNUSED_FUNCTION = YES;
				GCC_WARN_UNUSED_VARIABLE = YES;
				IPHONEOS_DEPLOYMENT_TARGET = 10.3;
				MTL_ENABLE_DEBUG_INFO = YES;
				ONLY_ACTIVE_ARCH = YES;
				SDKROOT = iphoneos;
				SWIFT_ACTIVE_COMPILATION_CONDITIONS = DEBUG;
				SWIFT_OPTIMIZATION_LEVEL = "-Onone";
				TARGETED_DEVICE_FAMILY = "1,2";
			};
			name = Debug;
		};
		3F32FA581EBBB78700D47718 /* Release */ = {
			isa = XCBuildConfiguration;
			buildSettings = {
				ALWAYS_SEARCH_USER_PATHS = NO;
				CLANG_ANALYZER_NONNULL = YES;
				CLANG_ANALYZER_NUMBER_OBJECT_CONVERSION = YES_AGGRESSIVE;
				CLANG_CXX_LANGUAGE_STANDARD = "gnu++0x";
				CLANG_CXX_LIBRARY = "libc++";
				CLANG_ENABLE_MODULES = YES;
				CLANG_ENABLE_OBJC_ARC = YES;
				CLANG_WARN_BOOL_CONVERSION = YES;
				CLANG_WARN_CONSTANT_CONVERSION = YES;
				CLANG_WARN_DIRECT_OBJC_ISA_USAGE = YES_ERROR;
				CLANG_WARN_DOCUMENTATION_COMMENTS = YES;
				CLANG_WARN_EMPTY_BODY = YES;
				CLANG_WARN_ENUM_CONVERSION = YES;
				CLANG_WARN_INFINITE_RECURSION = YES;
				CLANG_WARN_INT_CONVERSION = YES;
				CLANG_WARN_OBJC_ROOT_CLASS = YES_ERROR;
				CLANG_WARN_SUSPICIOUS_MOVE = YES;
				CLANG_WARN_UNREACHABLE_CODE = YES;
				CLANG_WARN__DUPLICATE_METHOD_MATCH = YES;
				"CODE_SIGN_IDENTITY[sdk=iphoneos*]" = "iPhone Developer";
				COPY_PHASE_STRIP = NO;
				DEBUG_INFORMATION_FORMAT = "dwarf-with-dsym";
				ENABLE_NS_ASSERTIONS = NO;
				ENABLE_STRICT_OBJC_MSGSEND = YES;
				GCC_C_LANGUAGE_STANDARD = gnu99;
				GCC_NO_COMMON_BLOCKS = YES;
				GCC_WARN_64_TO_32_BIT_CONVERSION = YES;
				GCC_WARN_ABOUT_RETURN_TYPE = YES_ERROR;
				GCC_WARN_UNDECLARED_SELECTOR = YES;
				GCC_WARN_UNINITIALIZED_AUTOS = YES_AGGRESSIVE;
				GCC_WARN_UNUSED_FUNCTION = YES;
				GCC_WARN_UNUSED_VARIABLE = YES;
				IPHONEOS_DEPLOYMENT_TARGET = 10.3;
				MTL_ENABLE_DEBUG_INFO = NO;
				SDKROOT = iphoneos;
				SWIFT_OPTIMIZATION_LEVEL = "-Owholemodule";
				TARGETED_DEVICE_FAMILY = "1,2";
				VALIDATE_PRODUCT = YES;
			};
			name = Release;
		};
		3F32FA5A1EBBB78700D47718 /* Debug */ = {
			isa = XCBuildConfiguration;
			buildSettings = {
				ASSETCATALOG_COMPILER_APPICON_NAME = AppIcon;
				INFOPLIST_FILE = HW2/Info.plist;
				LD_RUNPATH_SEARCH_PATHS = "$(inherited) @executable_path/Frameworks";
				PRODUCT_BUNDLE_IDENTIFIER = pride.HW2;
				PRODUCT_NAME = "$(TARGET_NAME)";
				SWIFT_VERSION = 3.0;
			};
			name = Debug;
		};
		3F32FA5B1EBBB78700D47718 /* Release */ = {
			isa = XCBuildConfiguration;
			buildSettings = {
				ASSETCATALOG_COMPILER_APPICON_NAME = AppIcon;
				INFOPLIST_FILE = HW2/Info.plist;
				LD_RUNPATH_SEARCH_PATHS = "$(inherited) @executable_path/Frameworks";
				PRODUCT_BUNDLE_IDENTIFIER = pride.HW2;
				PRODUCT_NAME = "$(TARGET_NAME)";
				SWIFT_VERSION = 3.0;
			};
			name = Release;
		};
/* End XCBuildConfiguration section */

/* Begin XCConfigurationList section */
		3F32FA421EBBB78600D47718 /* Build configuration list for PBXProject "HW2" */ = {
			isa = XCConfigurationList;
			buildConfigurations = (
				3F32FA571EBBB78700D47718 /* Debug */,
				3F32FA581EBBB78700D47718 /* Release */,
			);
			defaultConfigurationIsVisible = 0;
			defaultConfigurationName = Release;
		};
		3F32FA591EBBB78700D47718 /* Build configuration list for PBXNativeTarget "HW2" */ = {
			isa = XCConfigurationList;
			buildConfigurations = (
				3F32FA5A1EBBB78700D47718 /* Debug */,
				3F32FA5B1EBBB78700D47718 /* Release */,
			);
			defaultConfigurationIsVisible = 0;
			defaultConfigurationName = Release;
		};
/* End XCConfigurationList section */
	};
	rootObject = 3F32FA3F1EBBB78600D47718 /* Project object */;
}
