// !$*UTF8*$!
{
	archiveVersion = 1;
	classes = {
	};
	objectVersion = 46;
	objects = {

/* Begin PBXBuildFile section */
		3F1E78DF1EEF25D90066911B /* ViewController9.swift in Sources */ = {isa = PBXBuildFile; fileRef = 3F1E78DE1EEF25D90066911B /* ViewController9.swift */; };
		3F3D23131EE8880F00B57FD5 /* ViewController3.swift in Sources */ = {isa = PBXBuildFile; fileRef = 3F3D23121EE8880F00B57FD5 /* ViewController3.swift */; };
		3F3D23151EE88D4E00B57FD5 /* nothing.jpg in Resources */ = {isa = PBXBuildFile; fileRef = 3F3D23141EE88D4E00B57FD5 /* nothing.jpg */; };
		3F3D23191EE890D300B57FD5 /* ViewController4.swift in Sources */ = {isa = PBXBuildFile; fileRef = 3F3D23181EE890D300B57FD5 /* ViewController4.swift */; };
		3F3D231B1EE8948600B57FD5 /* BigMac.png in Resources */ = {isa = PBXBuildFile; fileRef = 3F3D231A1EE8948600B57FD5 /* BigMac.png */; };
		3F3D231D1EE8948D00B57FD5 /* blt.png in Resources */ = {isa = PBXBuildFile; fileRef = 3F3D231C1EE8948D00B57FD5 /* blt.png */; };
		3F3D231F1EE8949600B57FD5 /* hotdog.png in Resources */ = {isa = PBXBuildFile; fileRef = 3F3D231E1EE8949600B57FD5 /* hotdog.png */; };
		3F3D23211EE8949E00B57FD5 /* pizza.png in Resources */ = {isa = PBXBuildFile; fileRef = 3F3D23201EE8949E00B57FD5 /* pizza.png */; };
		3F3D23231EE894A200B57FD5 /* salad.png in Resources */ = {isa = PBXBuildFile; fileRef = 3F3D23221EE894A200B57FD5 /* salad.png */; };
		3F3D23251EE894A700B57FD5 /* Taco.png in Resources */ = {isa = PBXBuildFile; fileRef = 3F3D23241EE894A700B57FD5 /* Taco.png */; };
		3F3D23271EE895F600B57FD5 /* ViewController5.swift in Sources */ = {isa = PBXBuildFile; fileRef = 3F3D23261EE895F600B57FD5 /* ViewController5.swift */; };
		3F48194D1EE9D99700E93C1F /* ViewController6.swift in Sources */ = {isa = PBXBuildFile; fileRef = 3F48194C1EE9D99700E93C1F /* ViewController6.swift */; };
		3F48194F1EE9DD4600E93C1F /* burger.png in Resources */ = {isa = PBXBuildFile; fileRef = 3F48194E1EE9DD4600E93C1F /* burger.png */; };
		3F4819511EE9DD5000E93C1F /* lasagna.png in Resources */ = {isa = PBXBuildFile; fileRef = 3F4819501EE9DD5000E93C1F /* lasagna.png */; };
		3F4819531EE9DD5900E93C1F /* mac-n-cheese.png in Resources */ = {isa = PBXBuildFile; fileRef = 3F4819521EE9DD5900E93C1F /* mac-n-cheese.png */; };
		3F4819551EE9DD6500E93C1F /* steak.png in Resources */ = {isa = PBXBuildFile; fileRef = 3F4819541EE9DD6500E93C1F /* steak.png */; };
		3F4819571EE9DF3700E93C1F /* ViewController7.swift in Sources */ = {isa = PBXBuildFile; fileRef = 3F4819561EE9DF3700E93C1F /* ViewController7.swift */; };
		3F48195B1EE9E26500E93C1F /* ViewController8.swift in Sources */ = {isa = PBXBuildFile; fileRef = 3F48195A1EE9E26500E93C1F /* ViewController8.swift */; };
		3F48195D1EE9E6A400E93C1F /* watermelon.jpeg in Resources */ = {isa = PBXBuildFile; fileRef = 3F48195C1EE9E6A400E93C1F /* watermelon.jpeg */; };
		3F48195F1EE9E6AE00E93C1F /* trail mix.jpeg in Resources */ = {isa = PBXBuildFile; fileRef = 3F48195E1EE9E6AE00E93C1F /* trail mix.jpeg */; };
		3F4819611EE9E6B600E93C1F /* Pretzels.png in Resources */ = {isa = PBXBuildFile; fileRef = 3F4819601EE9E6B600E93C1F /* Pretzels.png */; };
		3F4819631EE9E6C500E93C1F /* fruit snacks.png in Resources */ = {isa = PBXBuildFile; fileRef = 3F4819621EE9E6C500E93C1F /* fruit snacks.png */; };
		3F4819651EE9E6CC00E93C1F /* chips.png in Resources */ = {isa = PBXBuildFile; fileRef = 3F4819641EE9E6CC00E93C1F /* chips.png */; };
		3F4819671EE9E6D500E93C1F /* banana.png in Resources */ = {isa = PBXBuildFile; fileRef = 3F4819661EE9E6D500E93C1F /* banana.png */; };
		3F731D431EDF4D050047E87F /* froot-loops.jpg in Resources */ = {isa = PBXBuildFile; fileRef = 3F731D421EDF4D050047E87F /* froot-loops.jpg */; };
		3F731D531EDF50990047E87F /* bacon_and_eggs.jpg in Resources */ = {isa = PBXBuildFile; fileRef = 3F731D521EDF50990047E87F /* bacon_and_eggs.jpg */; };
		3F731D571EDF50D70047E87F /* breakfast sandwich.jpg in Resources */ = {isa = PBXBuildFile; fileRef = 3F731D561EDF50D70047E87F /* breakfast sandwich.jpg */; };
		3F731D591EDF50DD0047E87F /* healthy cereal.jpg in Resources */ = {isa = PBXBuildFile; fileRef = 3F731D581EDF50DD0047E87F /* healthy cereal.jpg */; };
		3F731D5B1EDF50ED0047E87F /* omellete.jpg in Resources */ = {isa = PBXBuildFile; fileRef = 3F731D5A1EDF50ED0047E87F /* omellete.jpg */; };
		3F731D5D1EDF50F20047E87F /* pancakes.png in Resources */ = {isa = PBXBuildFile; fileRef = 3F731D5C1EDF50F20047E87F /* pancakes.png */; };
		3F731D5F1EDF50F90047E87F /* smoothie.jpg in Resources */ = {isa = PBXBuildFile; fileRef = 3F731D5E1EDF50F90047E87F /* smoothie.jpg */; };
		3F731D651EDF565A0047E87F /* buiscuits and gravy.jpg in Resources */ = {isa = PBXBuildFile; fileRef = 3F731D641EDF565A0047E87F /* buiscuits and gravy.jpg */; };
		3FA91ED41EDDFFD000967BD9 /* AppDelegate.swift in Sources */ = {isa = PBXBuildFile; fileRef = 3FA91ED31EDDFFD000967BD9 /* AppDelegate.swift */; };
		3FA91ED61EDDFFD000967BD9 /* ViewController.swift in Sources */ = {isa = PBXBuildFile; fileRef = 3FA91ED51EDDFFD000967BD9 /* ViewController.swift */; };
		3FA91ED91EDDFFD000967BD9 /* Main.storyboard in Resources */ = {isa = PBXBuildFile; fileRef = 3FA91ED71EDDFFD000967BD9 /* Main.storyboard */; };
		3FA91EDB1EDDFFD000967BD9 /* Assets.xcassets in Resources */ = {isa = PBXBuildFile; fileRef = 3FA91EDA1EDDFFD000967BD9 /* Assets.xcassets */; };
		3FA91EDE1EDDFFD000967BD9 /* LaunchScreen.storyboard in Resources */ = {isa = PBXBuildFile; fileRef = 3FA91EDC1EDDFFD000967BD9 /* LaunchScreen.storyboard */; };
		3FA91EE61EDE076500967BD9 /* ViewController2.swift in Sources */ = {isa = PBXBuildFile; fileRef = 3FA91EE51EDE076500967BD9 /* ViewController2.swift */; };
/* End PBXBuildFile section */

/* Begin PBXFileReference section */
		3F1E78DE1EEF25D90066911B /* ViewController9.swift */ = {isa = PBXFileReference; fileEncoding = 4; lastKnownFileType = sourcecode.swift; name = ViewController9.swift; path = "Obesity Project/ViewController9.swift"; sourceTree = "<group>"; };
		3F3D23121EE8880F00B57FD5 /* ViewController3.swift */ = {isa = PBXFileReference; fileEncoding = 4; lastKnownFileType = sourcecode.swift; path = ViewController3.swift; sourceTree = "<group>"; };
		3F3D23141EE88D4E00B57FD5 /* nothing.jpg */ = {isa = PBXFileReference; lastKnownFileType = image.jpeg; path = nothing.jpg; sourceTree = "<group>"; };
		3F3D23181EE890D300B57FD5 /* ViewController4.swift */ = {isa = PBXFileReference; fileEncoding = 4; lastKnownFileType = sourcecode.swift; path = ViewController4.swift; sourceTree = "<group>"; };
		3F3D231A1EE8948600B57FD5 /* BigMac.png */ = {isa = PBXFileReference; lastKnownFileType = image.png; path = BigMac.png; sourceTree = "<group>"; };
		3F3D231C1EE8948D00B57FD5 /* blt.png */ = {isa = PBXFileReference; lastKnownFileType = image.png; path = blt.png; sourceTree = "<group>"; };
		3F3D231E1EE8949600B57FD5 /* hotdog.png */ = {isa = PBXFileReference; lastKnownFileType = image.png; path = hotdog.png; sourceTree = "<group>"; };
		3F3D23201EE8949E00B57FD5 /* pizza.png */ = {isa = PBXFileReference; lastKnownFileType = image.png; path = pizza.png; sourceTree = "<group>"; };
		3F3D23221EE894A200B57FD5 /* salad.png */ = {isa = PBXFileReference; lastKnownFileType = image.png; path = salad.png; sourceTree = "<group>"; };
		3F3D23241EE894A700B57FD5 /* Taco.png */ = {isa = PBXFileReference; lastKnownFileType = image.png; path = Taco.png; sourceTree = "<group>"; };
		3F3D23261EE895F600B57FD5 /* ViewController5.swift */ = {isa = PBXFileReference; fileEncoding = 4; lastKnownFileType = sourcecode.swift; path = ViewController5.swift; sourceTree = "<group>"; };
		3F48194C1EE9D99700E93C1F /* ViewController6.swift */ = {isa = PBXFileReference; fileEncoding = 4; lastKnownFileType = sourcecode.swift; path = ViewController6.swift; sourceTree = "<group>"; };
		3F48194E1EE9DD4600E93C1F /* burger.png */ = {isa = PBXFileReference; lastKnownFileType = image.png; path = burger.png; sourceTree = "<group>"; };
		3F4819501EE9DD5000E93C1F /* lasagna.png */ = {isa = PBXFileReference; lastKnownFileType = image.png; path = lasagna.png; sourceTree = "<group>"; };
		3F4819521EE9DD5900E93C1F /* mac-n-cheese.png */ = {isa = PBXFileReference; lastKnownFileType = image.png; path = "mac-n-cheese.png"; sourceTree = "<group>"; };
		3F4819541EE9DD6500E93C1F /* steak.png */ = {isa = PBXFileReference; lastKnownFileType = image.png; path = steak.png; sourceTree = "<group>"; };
		3F4819561EE9DF3700E93C1F /* ViewController7.swift */ = {isa = PBXFileReference; fileEncoding = 4; lastKnownFileType = sourcecode.swift; name = ViewController7.swift; path = "Obesity Project/ViewController7.swift"; sourceTree = "<group>"; };
		3F48195A1EE9E26500E93C1F /* ViewController8.swift */ = {isa = PBXFileReference; fileEncoding = 4; lastKnownFileType = sourcecode.swift; name = ViewController8.swift; path = "Obesity Project/ViewController8.swift"; sourceTree = "<group>"; };
		3F48195C1EE9E6A400E93C1F /* watermelon.jpeg */ = {isa = PBXFileReference; lastKnownFileType = image.jpeg; path = watermelon.jpeg; sourceTree = "<group>"; };
		3F48195E1EE9E6AE00E93C1F /* trail mix.jpeg */ = {isa = PBXFileReference; lastKnownFileType = image.jpeg; path = "trail mix.jpeg"; sourceTree = "<group>"; };
		3F4819601EE9E6B600E93C1F /* Pretzels.png */ = {isa = PBXFileReference; lastKnownFileType = image.png; path = Pretzels.png; sourceTree = "<group>"; };
		3F4819621EE9E6C500E93C1F /* fruit snacks.png */ = {isa = PBXFileReference; lastKnownFileType = image.png; path = "fruit snacks.png"; sourceTree = "<group>"; };
		3F4819641EE9E6CC00E93C1F /* chips.png */ = {isa = PBXFileReference; lastKnownFileType = image.png; path = chips.png; sourceTree = "<group>"; };
		3F4819661EE9E6D500E93C1F /* banana.png */ = {isa = PBXFileReference; lastKnownFileType = image.png; path = banana.png; sourceTree = "<group>"; };
		3F731D421EDF4D050047E87F /* froot-loops.jpg */ = {isa = PBXFileReference; lastKnownFileType = image.jpeg; path = "froot-loops.jpg"; sourceTree = "<group>"; };
		3F731D521EDF50990047E87F /* bacon_and_eggs.jpg */ = {isa = PBXFileReference; lastKnownFileType = image.jpeg; path = bacon_and_eggs.jpg; sourceTree = "<group>"; };
		3F731D561EDF50D70047E87F /* breakfast sandwich.jpg */ = {isa = PBXFileReference; lastKnownFileType = image.jpeg; path = "breakfast sandwich.jpg"; sourceTree = "<group>"; };
		3F731D581EDF50DD0047E87F /* healthy cereal.jpg */ = {isa = PBXFileReference; lastKnownFileType = image.jpeg; path = "healthy cereal.jpg"; sourceTree = "<group>"; };
		3F731D5A1EDF50ED0047E87F /* omellete.jpg */ = {isa = PBXFileReference; lastKnownFileType = image.jpeg; path = omellete.jpg; sourceTree = "<group>"; };
		3F731D5C1EDF50F20047E87F /* pancakes.png */ = {isa = PBXFileReference; lastKnownFileType = image.png; path = pancakes.png; sourceTree = "<group>"; };
		3F731D5E1EDF50F90047E87F /* smoothie.jpg */ = {isa = PBXFileReference; lastKnownFileType = image.jpeg; path = smoothie.jpg; sourceTree = "<group>"; };
		3F731D641EDF565A0047E87F /* buiscuits and gravy.jpg */ = {isa = PBXFileReference; lastKnownFileType = image.jpeg; path = "buiscuits and gravy.jpg"; sourceTree = "<group>"; };
		3FA91ED01EDDFFD000967BD9 /* Obesity Project.app */ = {isa = PBXFileReference; explicitFileType = wrapper.application; includeInIndex = 0; path = "Obesity Project.app"; sourceTree = BUILT_PRODUCTS_DIR; };
		3FA91ED31EDDFFD000967BD9 /* AppDelegate.swift */ = {isa = PBXFileReference; lastKnownFileType = sourcecode.swift; path = AppDelegate.swift; sourceTree = "<group>"; };
		3FA91ED51EDDFFD000967BD9 /* ViewController.swift */ = {isa = PBXFileReference; lastKnownFileType = sourcecode.swift; path = ViewController.swift; sourceTree = "<group>"; };
		3FA91ED81EDDFFD000967BD9 /* Base */ = {isa = PBXFileReference; lastKnownFileType = file.storyboard; name = Base; path = Base.lproj/Main.storyboard; sourceTree = "<group>"; };
		3FA91EDA1EDDFFD000967BD9 /* Assets.xcassets */ = {isa = PBXFileReference; lastKnownFileType = folder.assetcatalog; path = Assets.xcassets; sourceTree = "<group>"; };
		3FA91EDD1EDDFFD000967BD9 /* Base */ = {isa = PBXFileReference; lastKnownFileType = file.storyboard; name = Base; path = Base.lproj/LaunchScreen.storyboard; sourceTree = "<group>"; };
		3FA91EDF1EDDFFD000967BD9 /* Info.plist */ = {isa = PBXFileReference; lastKnownFileType = text.plist.xml; path = Info.plist; sourceTree = "<group>"; };
		3FA91EE51EDE076500967BD9 /* ViewController2.swift */ = {isa = PBXFileReference; fileEncoding = 4; lastKnownFileType = sourcecode.swift; path = ViewController2.swift; sourceTree = "<group>"; };
/* End PBXFileReference section */

/* Begin PBXFrameworksBuildPhase section */
		3FA91ECD1EDDFFD000967BD9 /* Frameworks */ = {
			isa = PBXFrameworksBuildPhase;
			buildActionMask = 2147483647;
			files = (
			);
			runOnlyForDeploymentPostprocessing = 0;
		};
/* End PBXFrameworksBuildPhase section */

/* Begin PBXGroup section */
		3FA91EC71EDDFFD000967BD9 = {
			isa = PBXGroup;
			children = (
				3F48195A1EE9E26500E93C1F /* ViewController8.swift */,
				3F1E78DE1EEF25D90066911B /* ViewController9.swift */,
				3F4819561EE9DF3700E93C1F /* ViewController7.swift */,
				3FA91ED21EDDFFD000967BD9 /* Obesity Project */,
				3FA91ED11EDDFFD000967BD9 /* Products */,
			);
			sourceTree = "<group>";
		};
		3FA91ED11EDDFFD000967BD9 /* Products */ = {
			isa = PBXGroup;
			children = (
				3FA91ED01EDDFFD000967BD9 /* Obesity Project.app */,
			);
			name = Products;
			sourceTree = "<group>";
		};
		3FA91ED21EDDFFD000967BD9 /* Obesity Project */ = {
			isa = PBXGroup;
			children = (
				3FA91ED31EDDFFD000967BD9 /* AppDelegate.swift */,
				3FA91ED51EDDFFD000967BD9 /* ViewController.swift */,
				3FA91ED71EDDFFD000967BD9 /* Main.storyboard */,
				3F731D421EDF4D050047E87F /* froot-loops.jpg */,
				3F731D521EDF50990047E87F /* bacon_and_eggs.jpg */,
				3F731D641EDF565A0047E87F /* buiscuits and gravy.jpg */,
				3F731D581EDF50DD0047E87F /* healthy cereal.jpg */,
				3F731D5C1EDF50F20047E87F /* pancakes.png */,
				3F731D5E1EDF50F90047E87F /* smoothie.jpg */,
				3F731D561EDF50D70047E87F /* breakfast sandwich.jpg */,
				3F731D5A1EDF50ED0047E87F /* omellete.jpg */,
				3F3D23141EE88D4E00B57FD5 /* nothing.jpg */,
				3F3D231A1EE8948600B57FD5 /* BigMac.png */,
				3F3D231C1EE8948D00B57FD5 /* blt.png */,
				3F3D231E1EE8949600B57FD5 /* hotdog.png */,
				3F3D23201EE8949E00B57FD5 /* pizza.png */,
				3F3D23221EE894A200B57FD5 /* salad.png */,
				3F3D23241EE894A700B57FD5 /* Taco.png */,
				3F48194E1EE9DD4600E93C1F /* burger.png */,
				3F4819501EE9DD5000E93C1F /* lasagna.png */,
				3F4819521EE9DD5900E93C1F /* mac-n-cheese.png */,
				3F4819541EE9DD6500E93C1F /* steak.png */,
				3F48195C1EE9E6A400E93C1F /* watermelon.jpeg */,
				3F48195E1EE9E6AE00E93C1F /* trail mix.jpeg */,
				3F4819601EE9E6B600E93C1F /* Pretzels.png */,
				3F4819621EE9E6C500E93C1F /* fruit snacks.png */,
				3F4819641EE9E6CC00E93C1F /* chips.png */,
				3F4819661EE9E6D500E93C1F /* banana.png */,
				3FA91EE51EDE076500967BD9 /* ViewController2.swift */,
				3F3D23121EE8880F00B57FD5 /* ViewController3.swift */,
				3F3D23181EE890D300B57FD5 /* ViewController4.swift */,
				3F3D23261EE895F600B57FD5 /* ViewController5.swift */,
				3F48194C1EE9D99700E93C1F /* ViewController6.swift */,
				3FA91EDA1EDDFFD000967BD9 /* Assets.xcassets */,
				3FA91EDC1EDDFFD000967BD9 /* LaunchScreen.storyboard */,
				3FA91EDF1EDDFFD000967BD9 /* Info.plist */,
			);
			path = "Obesity Project";
			sourceTree = "<group>";
		};
/* End PBXGroup section */

/* Begin PBXNativeTarget section */
		3FA91ECF1EDDFFD000967BD9 /* Obesity Project */ = {
			isa = PBXNativeTarget;
			buildConfigurationList = 3FA91EE21EDDFFD000967BD9 /* Build configuration list for PBXNativeTarget "Obesity Project" */;
			buildPhases = (
				3FA91ECC1EDDFFD000967BD9 /* Sources */,
				3FA91ECD1EDDFFD000967BD9 /* Frameworks */,
				3FA91ECE1EDDFFD000967BD9 /* Resources */,
			);
			buildRules = (
			);
			dependencies = (
			);
			name = "Obesity Project";
			productName = "Obesity Project";
			productReference = 3FA91ED01EDDFFD000967BD9 /* Obesity Project.app */;
			productType = "com.apple.product-type.application";
		};
/* End PBXNativeTarget section */

/* Begin PBXProject section */
		3FA91EC81EDDFFD000967BD9 /* Project object */ = {
			isa = PBXProject;
			attributes = {
				LastSwiftUpdateCheck = 0830;
				LastUpgradeCheck = 0830;
				ORGANIZATIONNAME = Student;
				TargetAttributes = {
					3FA91ECF1EDDFFD000967BD9 = {
						CreatedOnToolsVersion = 8.3.2;
						ProvisioningStyle = Automatic;
					};
				};
			};
			buildConfigurationList = 3FA91ECB1EDDFFD000967BD9 /* Build configuration list for PBXProject "Obesity Project" */;
			compatibilityVersion = "Xcode 3.2";
			developmentRegion = English;
			hasScannedForEncodings = 0;
			knownRegions = (
				en,
				Base,
			);
			mainGroup = 3FA91EC71EDDFFD000967BD9;
			productRefGroup = 3FA91ED11EDDFFD000967BD9 /* Products */;
			projectDirPath = "";
			projectRoot = "";
			targets = (
				3FA91ECF1EDDFFD000967BD9 /* Obesity Project */,
			);
		};
/* End PBXProject section */

/* Begin PBXResourcesBuildPhase section */
		3FA91ECE1EDDFFD000967BD9 /* Resources */ = {
			isa = PBXResourcesBuildPhase;
			buildActionMask = 2147483647;
			files = (
				3F4819651EE9E6CC00E93C1F /* chips.png in Resources */,
				3F3D23251EE894A700B57FD5 /* Taco.png in Resources */,
				3F3D231B1EE8948600B57FD5 /* BigMac.png in Resources */,
				3F3D23231EE894A200B57FD5 /* salad.png in Resources */,
				3F731D5F1EDF50F90047E87F /* smoothie.jpg in Resources */,
				3F4819611EE9E6B600E93C1F /* Pretzels.png in Resources */,
				3FA91EDE1EDDFFD000967BD9 /* LaunchScreen.storyboard in Resources */,
				3F4819511EE9DD5000E93C1F /* lasagna.png in Resources */,
				3F3D231F1EE8949600B57FD5 /* hotdog.png in Resources */,
				3F731D571EDF50D70047E87F /* breakfast sandwich.jpg in Resources */,
				3F4819531EE9DD5900E93C1F /* mac-n-cheese.png in Resources */,
				3FA91EDB1EDDFFD000967BD9 /* Assets.xcassets in Resources */,
				3F48194F1EE9DD4600E93C1F /* burger.png in Resources */,
				3F731D591EDF50DD0047E87F /* healthy cereal.jpg in Resources */,
				3F48195F1EE9E6AE00E93C1F /* trail mix.jpeg in Resources */,
				3F48195D1EE9E6A400E93C1F /* watermelon.jpeg in Resources */,
				3F731D5B1EDF50ED0047E87F /* omellete.jpg in Resources */,
				3F731D531EDF50990047E87F /* bacon_and_eggs.jpg in Resources */,
				3F4819671EE9E6D500E93C1F /* banana.png in Resources */,
				3F731D431EDF4D050047E87F /* froot-loops.jpg in Resources */,
				3F3D23211EE8949E00B57FD5 /* pizza.png in Resources */,
				3FA91ED91EDDFFD000967BD9 /* Main.storyboard in Resources */,
				3F4819631EE9E6C500E93C1F /* fruit snacks.png in Resources */,
				3F3D231D1EE8948D00B57FD5 /* blt.png in Resources */,
				3F4819551EE9DD6500E93C1F /* steak.png in Resources */,
				3F3D23151EE88D4E00B57FD5 /* nothing.jpg in Resources */,
				3F731D651EDF565A0047E87F /* buiscuits and gravy.jpg in Resources */,
				3F731D5D1EDF50F20047E87F /* pancakes.png in Resources */,
			);
			runOnlyForDeploymentPostprocessing = 0;
		};
/* End PBXResourcesBuildPhase section */

/* Begin PBXSourcesBuildPhase section */
		3FA91ECC1EDDFFD000967BD9 /* Sources */ = {
			isa = PBXSourcesBuildPhase;
			buildActionMask = 2147483647;
			files = (
				3FA91ED61EDDFFD000967BD9 /* ViewController.swift in Sources */,
				3FA91ED41EDDFFD000967BD9 /* AppDelegate.swift in Sources */,
				3F1E78DF1EEF25D90066911B /* ViewController9.swift in Sources */,
				3F48194D1EE9D99700E93C1F /* ViewController6.swift in Sources */,
				3F3D23131EE8880F00B57FD5 /* ViewController3.swift in Sources */,
				3FA91EE61EDE076500967BD9 /* ViewController2.swift in Sources */,
				3F3D23271EE895F600B57FD5 /* ViewController5.swift in Sources */,
				3F4819571EE9DF3700E93C1F /* ViewController7.swift in Sources */,
				3F3D23191EE890D300B57FD5 /* ViewController4.swift in Sources */,
				3F48195B1EE9E26500E93C1F /* ViewController8.swift in Sources */,
			);
			runOnlyForDeploymentPostprocessing = 0;
		};
/* End PBXSourcesBuildPhase section */

/* Begin PBXVariantGroup section */
		3FA91ED71EDDFFD000967BD9 /* Main.storyboard */ = {
			isa = PBXVariantGroup;
			children = (
				3FA91ED81EDDFFD000967BD9 /* Base */,
			);
			name = Main.storyboard;
			sourceTree = "<group>";
		};
		3FA91EDC1EDDFFD000967BD9 /* LaunchScreen.storyboard */ = {
			isa = PBXVariantGroup;
			children = (
				3FA91EDD1EDDFFD000967BD9 /* Base */,
			);
			name = LaunchScreen.storyboard;
			sourceTree = "<group>";
		};
/* End PBXVariantGroup section */

/* Begin XCBuildConfiguration section */
		3FA91EE01EDDFFD000967BD9 /* Debug */ = {
			isa = XCBuildConfiguration;
			buildSettings = {
				ALWAYS_SEARCH_USER_PATHS = NO;
				CLANG_ANALYZER_NONNULL = YES;
				CLANG_ANALYZER_NUMBER_OBJECT_CONVERSION = YES_AGGRESSIVE;
				CLANG_CXX_LANGUAGE_STANDARD = "gnu++0x";
				CLANG_CXX_LIBRARY = "libc++";
				CLANG_ENABLE_MODULES = YES;
				CLANG_ENABLE_OBJC_ARC = YES;
				CLANG_WARN_BOOL_CONVERSION = YES;
				CLANG_WARN_CONSTANT_CONVERSION = YES;
				CLANG_WARN_DIRECT_OBJC_ISA_USAGE = YES_ERROR;
				CLANG_WARN_DOCUMENTATION_COMMENTS = YES;
				CLANG_WARN_EMPTY_BODY = YES;
				CLANG_WARN_ENUM_CONVERSION = YES;
				CLANG_WARN_INFINITE_RECURSION = YES;
				CLANG_WARN_INT_CONVERSION = YES;
				CLANG_WARN_OBJC_ROOT_CLASS = YES_ERROR;
				CLANG_WARN_SUSPICIOUS_MOVE = YES;
				CLANG_WARN_UNREACHABLE_CODE = YES;
				CLANG_WARN__DUPLICATE_METHOD_MATCH = YES;
				"CODE_SIGN_IDENTITY[sdk=iphoneos*]" = "iPhone Developer";
				COPY_PHASE_STRIP = NO;
				DEBUG_INFORMATION_FORMAT = dwarf;
				ENABLE_STRICT_OBJC_MSGSEND = YES;
				ENABLE_TESTABILITY = YES;
				GCC_C_LANGUAGE_STANDARD = gnu99;
				GCC_DYNAMIC_NO_PIC = NO;
				GCC_NO_COMMON_BLOCKS = YES;
				GCC_OPTIMIZATION_LEVEL = 0;
				GCC_PREPROCESSOR_DEFINITIONS = (
					"DEBUG=1",
					"$(inherited)",
				);
				GCC_WARN_64_TO_32_BIT_CONVERSION = YES;
				GCC_WARN_ABOUT_RETURN_TYPE = YES_ERROR;
				GCC_WARN_UNDECLARED_SELECTOR = YES;
				GCC_WARN_UNINITIALIZED_AUTOS = YES_AGGRESSIVE;
				GCC_WARN_UNUSED_FUNCTION = YES;
				GCC_WARN_UNUSED_VARIABLE = YES;
				IPHONEOS_DEPLOYMENT_TARGET = 10.3;
				MTL_ENABLE_DEBUG_INFO = YES;
				ONLY_ACTIVE_ARCH = YES;
				SDKROOT = iphoneos;
				SWIFT_ACTIVE_COMPILATION_CONDITIONS = DEBUG;
				SWIFT_OPTIMIZATION_LEVEL = "-Onone";
				TARGETED_DEVICE_FAMILY = "1,2";
			};
			name = Debug;
		};
		3FA91EE11EDDFFD000967BD9 /* Release */ = {
			isa = XCBuildConfiguration;
			buildSettings = {
				ALWAYS_SEARCH_USER_PATHS = NO;
				CLANG_ANALYZER_NONNULL = YES;
				CLANG_ANALYZER_NUMBER_OBJECT_CONVERSION = YES_AGGRESSIVE;
				CLANG_CXX_LANGUAGE_STANDARD = "gnu++0x";
				CLANG_CXX_LIBRARY = "libc++";
				CLANG_ENABLE_MODULES = YES;
				CLANG_ENABLE_OBJC_ARC = YES;
				CLANG_WARN_BOOL_CONVERSION = YES;
				CLANG_WARN_CONSTANT_CONVERSION = YES;
				CLANG_WARN_DIRECT_OBJC_ISA_USAGE = YES_ERROR;
				CLANG_WARN_DOCUMENTATION_COMMENTS = YES;
				CLANG_WARN_EMPTY_BODY = YES;
				CLANG_WARN_ENUM_CONVERSION = YES;
				CLANG_WARN_INFINITE_RECURSION = YES;
				CLANG_WARN_INT_CONVERSION = YES;
				CLANG_WARN_OBJC_ROOT_CLASS = YES_ERROR;
				CLANG_WARN_SUSPICIOUS_MOVE = YES;
				CLANG_WARN_UNREACHABLE_CODE = YES;
				CLANG_WARN__DUPLICATE_METHOD_MATCH = YES;
				"CODE_SIGN_IDENTITY[sdk=iphoneos*]" = "iPhone Developer";
				COPY_PHASE_STRIP = NO;
				DEBUG_INFORMATION_FORMAT = "dwarf-with-dsym";
				ENABLE_NS_ASSERTIONS = NO;
				ENABLE_STRICT_OBJC_MSGSEND = YES;
				GCC_C_LANGUAGE_STANDARD = gnu99;
				GCC_NO_COMMON_BLOCKS = YES;
				GCC_WARN_64_TO_32_BIT_CONVERSION = YES;
				GCC_WARN_ABOUT_RETURN_TYPE = YES_ERROR;
				GCC_WARN_UNDECLARED_SELECTOR = YES;
				GCC_WARN_UNINITIALIZED_AUTOS = YES_AGGRESSIVE;
				GCC_WARN_UNUSED_FUNCTION = YES;
				GCC_WARN_UNUSED_VARIABLE = YES;
				IPHONEOS_DEPLOYMENT_TARGET = 10.3;
				MTL_ENABLE_DEBUG_INFO = NO;
				SDKROOT = iphoneos;
				SWIFT_OPTIMIZATION_LEVEL = "-Owholemodule";
				TARGETED_DEVICE_FAMILY = "1,2";
				VALIDATE_PRODUCT = YES;
			};
			name = Release;
		};
		3FA91EE31EDDFFD000967BD9 /* Debug */ = {
			isa = XCBuildConfiguration;
			buildSettings = {
				ASSETCATALOG_COMPILER_APPICON_NAME = AppIcon;
				INFOPLIST_FILE = "Obesity Project/Info.plist";
				LD_RUNPATH_SEARCH_PATHS = "$(inherited) @executable_path/Frameworks";
				PRODUCT_BUNDLE_IDENTIFIER = "pride.Obesity-Project";
				PRODUCT_NAME = "$(TARGET_NAME)";
				SWIFT_VERSION = 3.0;
			};
			name = Debug;
		};
		3FA91EE41EDDFFD000967BD9 /* Release */ = {
			isa = XCBuildConfiguration;
			buildSettings = {
				ASSETCATALOG_COMPILER_APPICON_NAME = AppIcon;
				INFOPLIST_FILE = "Obesity Project/Info.plist";
				LD_RUNPATH_SEARCH_PATHS = "$(inherited) @executable_path/Frameworks";
				PRODUCT_BUNDLE_IDENTIFIER = "pride.Obesity-Project";
				PRODUCT_NAME = "$(TARGET_NAME)";
				SWIFT_VERSION = 3.0;
			};
			name = Release;
		};
/* End XCBuildConfiguration section */

/* Begin XCConfigurationList section */
		3FA91ECB1EDDFFD000967BD9 /* Build configuration list for PBXProject "Obesity Project" */ = {
			isa = XCConfigurationList;
			buildConfigurations = (
				3FA91EE01EDDFFD000967BD9 /* Debug */,
				3FA91EE11EDDFFD000967BD9 /* Release */,
			);
			defaultConfigurationIsVisible = 0;
			defaultConfigurationName = Release;
		};
		3FA91EE21EDDFFD000967BD9 /* Build configuration list for PBXNativeTarget "Obesity Project" */ = {
			isa = XCConfigurationList;
			buildConfigurations = (
				3FA91EE31EDDFFD000967BD9 /* Debug */,
				3FA91EE41EDDFFD000967BD9 /* Release */,
			);
			defaultConfigurationIsVisible = 0;
			defaultConfigurationName = Release;
		};
/* End XCConfigurationList section */
	};
	rootObject = 3FA91EC81EDDFFD000967BD9 /* Project object */;
}
